{
  "version": "1.0.0",
  "lockfileVersion": 2,
  "workspaces": {
    "": {
      "name": "craft",
      "devDependencies": {
        "better-dx": "^0.2.7"
      }
    },
    "benchmarks": {
      "name": "craft-benchmarks",
      "version": "0.0.5",
      "dependencies": {
        "mitata": "^1.0.10"
      },
      "devDependencies": {
        "@types/bun": "latest"
      }
    },
    "packages/android": {
      "name": "@craft-native/android",
      "version": "0.0.5"
    },
    "packages/create-craft": {
      "name": "create-craft",
      "version": "0.0.5",
      "dependencies": {
        "@stacksjs/clapp": "^0.2.0"
      },
      "devDependencies": {
        "@types/bun": "latest"
      }
    },
    "packages/examples-ts": {
      "name": "ts-craft-examples",
      "version": "0.0.5",
      "dependencies": {
        "ts-craft": "workspace:*"
      },
      "devDependencies": {
        "@types/bun": "latest"
      }
    },
    "packages/ios": {
      "name": "@craft-native/ios",
      "version": "0.0.5"
    },
    "packages/react": {
      "name": "@craft-native/react",
      "version": "0.0.5",
      "devDependencies": {
        "@types/react": "^18.2.0",
        "react": "^18.2.0",
        "tsup": "^8.0.0",
        "typescript": "^5.3.0",
        "vitest": "^1.0.0"
      }
    },
    "packages/svelte": {
      "name": "@craft-native/svelte",
      "version": "0.0.5",
      "devDependencies": {
        "svelte": "^4.0.0",
        "tsup": "^8.0.0",
        "typescript": "^5.3.0",
        "vitest": "^1.0.0"
      }
    },
    "packages/typescript": {
      "name": "ts-craft",
      "version": "0.0.5",
      "dependencies": {
        "archiver": "^7.0.1"
      },
      "devDependencies": {
        "@stacksjs/clapp": "^0.2.0",
        "@types/archiver": "^6.0.2",
        "@types/bun": "^1.2.0",
        "@types/node": "^22.0.0",
        "better-dx": "^0.2.6"
      }
    },
    "packages/vue": {
      "name": "@craft-native/vue",
      "version": "0.0.5",
      "devDependencies": {
        "tsup": "^8.0.0",
        "typescript": "^5.3.0",
        "vitest": "^1.0.0",
        "vue": "^3.3.0"
      }
    },
    "packages/zig": {
      "name": "craft",
      "version": "0.0.5"
    }
  },
  "packages": {
    "@stacksjs/clapp@0.2.0": {
      "name": "@stacksjs/clapp",
      "version": "0.2.0",
      "source": "npm",
      "resolved": "https://registry.npmjs.org/@stacksjs/clapp/-/clapp-0.2.0.tgz",
      "integrity": "sha512-dSqnbeZjXnQLLvVxC5NU7D9Vpjxc6cC9Bo2ZwaqjgruK7pbVoFCI0goc9Mtf/lfSTbTx6Uvv/mbY7+cOW/j3Og==",
      "dependencies": {
        "mri": "^1.2.0",
        "wrap-ansi": "^9.0.0"
      },
      "bin": {
        "@stacksjs/clapp": "./dist/bin/cli.js",
        "clapp": "./dist/bin/cli.js"
      }
    },
    "@types/archiver@6.0.4": {
      "name": "@types/archiver",
      "version": "6.0.4",
      "source": "npm",
      "resolved": "https://registry.npmjs.org/@types/archiver/-/archiver-6.0.4.tgz",
      "integrity": "sha512-ULdQpARQ3sz9WH4nb98mJDYA0ft2A8C4f4fovvUcFwINa1cgGjY36JCAYuP5YypRq4mco1lJp1/7jEMS2oR0Hg==",
      "dependencies": {
        "@types/readdir-glob": "*"
      }
    },
    "@types/bun@1.3.10": {
      "name": "@types/bun",
      "version": "1.3.10",
      "source": "npm",
      "resolved": "https://registry.npmjs.org/@types/bun/-/bun-1.3.10.tgz",
      "integrity": "sha512-0+rlrUrOrTSskibryHbvQkDOWRJwJZqZlxrUs1u4oOoTln8+WIXBPmAuCF35SWB2z4Zl3E84Nl/D0P7803nigQ==",
      "dependencies": {
        "bun-types": "1.3.9"
      }
    },
    "@types/node@22.19.15": {
      "name": "@types/node",
      "version": "22.19.15",
      "source": "npm",
      "resolved": "https://registry.npmjs.org/@types/node/-/node-22.19.15.tgz",
      "integrity": "sha512-F0R/h2+dsy5wJAUe3tAU6oqa2qbWY5TpNfL/RGmo1y38hiyO1w3x2jPtt76wmuaJI4DQnOBu21cNXQ2STIUUWg==",
      "dependencies": {
        "undici-types": "~6.21.0"
      }
    },
    "@types/react@18.3.28": {
      "name": "@types/react",
      "version": "18.3.28",
      "source": "npm",
      "resolved": "https://registry.npmjs.org/@types/react/-/react-18.3.28.tgz",
      "integrity": "sha512-z9VXpC7MWrhfWipitjNdgCauoMLRdIILQsAEV+ZesIzBq/oUlxk0m3ApZuMFCXdnS4U7KrI+l3WRUEGQ8K1QKw==",
      "dependencies": {
        "@types/prop-types": "*",
        "csstype": "^3.2.2"
      }
    },
    "archiver@7.0.1": {
      "name": "archiver",
      "version": "7.0.1",
      "source": "npm",
      "resolved": "https://registry.npmjs.org/archiver/-/archiver-7.0.1.tgz",
      "integrity": "sha512-ZcbTaIqJOfCc03QwD468Unz/5Ir8ATtvAHsK+FdXbDIbGfihqh9mrvdcYunQzqn4HrvWWaFyaxJhGZagaJJpPQ==",
      "dependencies": {
        "archiver-utils": "^5.0.2",
        "async": "^3.2.4",
        "buffer-crc32": "^1.0.0",
        "readable-stream": "^4.0.0",
        "readdir-glob": "^1.1.2",
        "tar-stream": "^3.0.0",
        "zip-stream": "^6.0.1"
      }
    },
    "better-dx@0.2.7": {
      "name": "better-dx",
      "version": "0.2.7",
      "source": "npm",
      "resolved": "https://registry.npmjs.org/better-dx/-/better-dx-0.2.7.tgz",
      "integrity": "sha512-J5Msp8jYKl4/YrTt/IWE32ZZg36/+M5klkAhSZb6Av5LGuFd7tylTerKq/8AwZxAYl9h8ZXV79Paygc+YjmCyw==",
      "peerDependencies": {
        "@stacksjs/bumpx": "^0.2.2",
        "@stacksjs/bunpress": "^0.0.5",
        "@stacksjs/clarity": "^0.3.24",
        "@stacksjs/gitlint": "^0.1.5",
        "@stacksjs/logsmith": "^0.2.0",
        "@types/bun": "^1.3.0",
        "buddy-bot": "^0.9.9",
        "bun-git-hooks": "^0.3.1",
        "bun-plugin-dtsx": "0.9.5",
        "bunfig": "^0.15.0",
        "pickier": "^0.1.7",
        "typescript": "^5.9.3"
      },
      "bin": {
        "better-dx": "./dist/bin/cli.js",
        "dx": "./dist/bin/cli.js"
      }
    },
    "mitata@1.0.34": {
      "name": "mitata",
      "version": "1.0.34",
      "source": "npm",
      "resolved": "https://registry.npmjs.org/mitata/-/mitata-1.0.34.tgz",
      "integrity": "sha512-Mc3zrtNBKIMeHSCQ0XqRLo1vbdIx1wvFV9c8NJAiyho6AjNfMY8bVhbS12bwciUdd1t4rj8099CH3N3NFahaUA=="
    },
    "react@18.3.1": {
      "name": "react",
      "version": "18.3.1",
      "source": "npm",
      "resolved": "https://registry.npmjs.org/react/-/react-18.3.1.tgz",
      "integrity": "sha512-wS+hAgJShR0KhEvPJArfuPVN1+Hz1t0Y6n5jLrGQbkb4urgPE/0Rve+1kMB1v/oWgHgm4WIcV+i7F2pTVj+2iQ==",
      "dependencies": {
        "loose-envify": "^1.1.0"
      }
    },
    "svelte@4.2.20": {
      "name": "svelte",
      "version": "4.2.20",
      "source": "npm",
      "resolved": "https://registry.npmjs.org/svelte/-/svelte-4.2.20.tgz",
      "integrity": "sha512-eeEgGc2DtiUil5ANdtd8vPwt9AgaMdnuUFnPft9F5oMvU/FHu5IHFic+p1dR/UOB7XU2mX2yHW+NcTch4DCh5Q=="
    },
    "tsup@8.5.1": {
      "name": "tsup",
      "version": "8.5.1",
      "source": "npm",
      "resolved": "https://registry.npmjs.org/tsup/-/tsup-8.5.1.tgz",
      "integrity": "sha512-xtgkqwdhpKWr3tKPmCkvYmS9xnQK3m3XgxZHwSUjvfTjp7YfXe5tT3GgWi0F2N+ZSMsOeWeZFh7ZZFg5iPhing==",
      "dependencies": {
        "bundle-require": "^5.1.0",
        "cac": "^6.7.14",
        "chokidar": "^4.0.3",
        "consola": "^3.4.0",
        "debug": "^4.4.0",
        "esbuild": "^0.27.0",
        "fix-dts-default-cjs-exports": "^1.0.0",
        "joycon": "^3.1.1",
        "picocolors": "^1.1.1",
        "postcss-load-config": "^6.0.1",
        "resolve-from": "^5.0.0",
        "rollup": "^4.34.8",
        "source-map": "^0.7.6",
        "sucrase": "^3.35.0",
        "tinyexec": "^0.3.2",
        "tinyglobby": "^0.2.11",
        "tree-kill": "^1.2.2"
      },
      "peerDependencies": {
        "@microsoft/api-extractor": "^7.36.0",
        "@swc/core": "^1",
        "postcss": "^8.4.12",
        "typescript": ">=4.5.0"
      },
      "bin": {
        "tsup": "dist/cli-default.js",
        "tsup-node": "dist/cli-node.js"
      },
      "optionalPeers": ["@microsoft/api-extractor", "@swc/core", "postcss", "typescript"]
    },
    "typescript@^5.3.0": {
      "name": "typescript",
      "version": "^5.3.0",
      "source": "npm",
      "bin": {
        "tsc": "./bin/tsc",
        "tsserver": "./bin/tsserver"
      }
    },
    "vitest@1.6.1": {
      "name": "vitest",
      "version": "1.6.1",
      "source": "npm",
      "resolved": "https://registry.npmjs.org/vitest/-/vitest-1.6.1.tgz",
      "integrity": "sha512-Ljb1cnSJSivGN0LqXd/zmDbWEM0RNNg2t1QW/XUhYl/qPqyu7CsqeWtqQXHVaJsecLPuDoak2oJcZN2QoRIOag==",
      "dependencies": {
        "@vitest/expect": "1.6.1",
        "@vitest/runner": "1.6.1",
        "@vitest/snapshot": "1.6.1",
        "@vitest/spy": "1.6.1",
        "@vitest/utils": "1.6.1",
        "acorn-walk": "^8.3.2",
        "chai": "^4.3.10",
        "debug": "^4.3.4",
        "execa": "^8.0.1",
        "local-pkg": "^0.5.0",
        "magic-string": "^0.30.5",
        "pathe": "^1.1.1",
        "picocolors": "^1.0.0",
        "std-env": "^3.5.0",
        "strip-literal": "^2.0.0",
        "tinybench": "^2.5.1",
        "tinypool": "^0.8.3",
        "vite": "^5.0.0",
        "vite-node": "1.6.1",
        "why-is-node-running": "^2.2.2"
      },
      "peerDependencies": {
        "@edge-runtime/vm": "*",
        "@types/node": "^18.0.0 || >=20.0.0",
        "@vitest/browser": "1.6.1",
        "@vitest/ui": "1.6.1",
        "happy-dom": "*",
        "jsdom": "*"
      },
      "bin": {
        "vitest": "./vitest.mjs"
      },
      "optionalPeers": ["@edge-runtime/vm", "@types/node", "@vitest/browser", "@vitest/ui", "happy-dom", "jsdom"]
    },
    "vue@3.6.0-alpha.1": {
      "name": "vue",
      "version": "3.6.0-alpha.1",
      "source": "npm",
      "resolved": "https://registry.npmjs.org/vue/-/vue-3.6.0-alpha.1.tgz",
      "integrity": "sha512-DZjYvysI4pp2o+y/Qeswe+8rWe/eYY13NLB9Bei2Ba5ecz+G1n3Uch2LI7IBa1favAqX8fZ4GJ5+XPBbPWwwxQ==",
      "dependencies": {
        "@vue/compiler-dom": "3.6.0-alpha.1",
        "@vue/compiler-sfc": "3.6.0-alpha.1",
        "@vue/runtime-dom": "3.6.0-alpha.1",
        "@vue/runtime-vapor": "3.6.0-alpha.1",
        "@vue/server-renderer": "3.6.0-alpha.1",
        "@vue/shared": "3.6.0-alpha.1"
      },
      "peerDependencies": {
        "typescript": "*"
      },
      "optionalPeers": ["typescript"]
    }
  }
}
