{
  "version": "1.0.0",
  "lockfileVersion": 1,
  "workspaces": {
    "packages/examples-ts": {
      "name": "ts-craft-examples",
      "version": "0.0.2",
      "dependencies": {
        "@stacksjs/ts-craft": "workspace:*"
      },
      "devDependencies": {
        "@types/bun": "latest"
      }
    },
    "packages/zig": {
      "name": "craft-core",
      "version": "0.0.2"
    },
    "packages/ios": {
      "name": "@craft-native/ios",
      "version": "0.0.2"
    },
    "packages/android": {
      "name": "@craft-native/android",
      "version": "0.0.2"
    },
    "benchmarks": {
      "name": "craft-benchmarks",
      "version": "0.1.0",
      "dependencies": {
        "mitata": "^1.0.10"
      },
      "devDependencies": {
        "@types/bun": "latest"
      }
    },
    "packages/react": {
      "name": "@craft-native/react",
      "version": "0.0.2",
      "devDependencies": {
        "react": "^18.2.0",
        "typescript": "^5.3.0",
        "@types/react": "^18.2.0",
        "tsup": "^8.0.0",
        "vitest": "^1.0.0"
      }
    },
    "packages/create-craft": {
      "name": "create-craft",
      "version": "0.0.2",
      "dependencies": {
        "@stacksjs/clapp": "^0.2.0"
      },
      "devDependencies": {
        "@types/bun": "latest"
      }
    },
    "packages/vue": {
      "name": "@craft-native/vue",
      "version": "0.0.2",
      "devDependencies": {
        "vitest": "^1.0.0",
        "typescript": "^5.3.0",
        "vue": "^3.3.0",
        "tsup": "^8.0.0"
      }
    },
    "": {
      "name": "craft",
      "devDependencies": {
        "better-dx": "^0.2.6",
        "pickier": "^0.1.18"
      }
    },
    "packages/svelte": {
      "name": "@craft-native/svelte",
      "version": "0.0.2",
      "devDependencies": {
        "typescript": "^5.3.0",
        "svelte": "^4.0.0",
        "tsup": "^8.0.0",
        "vitest": "^1.0.0"
      }
    },
    "packages/typescript": {
      "name": "@stacksjs/ts-craft",
      "version": "0.0.2",
      "dependencies": {
        "archiver": "^7.0.1"
      },
      "devDependencies": {
        "better-dx": "^0.2.6",
        "@types/node": "^22.0.0",
        "@stacksjs/clapp": "^0.2.0",
        "@types/archiver": "^6.0.2",
        "@types/bun": "^1.2.0"
      }
    }
  },
  "packages": {
    "typescript@^5.3.0": {
      "name": "typescript",
      "version": "^5.3.0",
      "source": "npm",
      "bin": {
        "tsc": "./bin/tsc",
        "tsserver": "./bin/tsserver"
      }
    },
    "svelte@^4.0.0": {
      "name": "svelte",
      "version": "^4.0.0",
      "source": "npm"
    },
    "pickier@0.1.20": {
      "name": "pickier",
      "version": "0.1.20",
      "source": "npm",
      "resolved": "https://registry.npmjs.org/pickier/-/pickier-0.1.20.tgz",
      "integrity": "sha512-IC95MIW4hv4/b64HMQjv/VbtvTMUz2uX7qqqcJwaAg5fJecETSx/fZLVoFSeGAEtpzADW5n09BevV4XErNzgLg==",
      "dependencies": {
        "tinyglobby": "^0.2.15",
        "@stacksjs/clapp": "^0.2.0",
        "p-limit": "^7.2.0"
      },
      "bin": {
        "pickier": "./dist/bin/cli.js"
      }
    },
    "@types/react@18.3.28": {
      "name": "@types/react",
      "version": "18.3.28",
      "source": "npm",
      "resolved": "https://registry.npmjs.org/@types/react/-/react-18.3.28.tgz",
      "integrity": "sha512-z9VXpC7MWrhfWipitjNdgCauoMLRdIILQsAEV+ZesIzBq/oUlxk0m3ApZuMFCXdnS4U7KrI+l3WRUEGQ8K1QKw==",
      "dependencies": {
        "@types/prop-types": "*",
        "csstype": "^3.2.2"
      }
    },
    "@stacksjs/clapp@0.2.0": {
      "name": "@stacksjs/clapp",
      "version": "0.2.0",
      "source": "npm",
      "resolved": "https://registry.npmjs.org/@stacksjs/clapp/-/clapp-0.2.0.tgz",
      "integrity": "sha512-dSqnbeZjXnQLLvVxC5NU7D9Vpjxc6cC9Bo2ZwaqjgruK7pbVoFCI0goc9Mtf/lfSTbTx6Uvv/mbY7+cOW/j3Og==",
      "dependencies": {
        "wrap-ansi": "^9.0.0",
        "mri": "^1.2.0"
      },
      "bin": {
        "@stacksjs/clapp": "./dist/bin/cli.js",
        "clapp": "./dist/bin/cli.js"
      }
    },
    "react@^18.2.0": {
      "name": "react",
      "version": "^18.2.0",
      "source": "npm",
      "dependencies": {
        "loose-envify": "^1.1.0"
      }
    },
    "better-dx@^0.2.6": {
      "name": "better-dx",
      "version": "^0.2.6",
      "source": "npm",
      "peerDependencies": {
        "@stacksjs/logsmith": "^0.2.0",
        "@stacksjs/bunpress": "^0.0.5",
        "bun-plugin-dtsx": "0.9.5",
        "typescript": "^5.9.3",
        "@stacksjs/bumpx": "^0.2.2",
        "buddy-bot": "^0.9.9",
        "bun-git-hooks": "^0.3.1",
        "@stacksjs/gitlint": "^0.1.5",
        "pickier": "^0.1.7",
        "@types/bun": "^1.3.0",
        "bunfig": "^0.15.0",
        "@stacksjs/clarity": "^0.3.24"
      },
      "bin": {
        "better-dx": "./dist/bin/cli.js",
        "dx": "./dist/bin/cli.js"
      }
    },
    "archiver@^7.0.1": {
      "name": "archiver",
      "version": "^7.0.1",
      "source": "npm",
      "dependencies": {
        "archiver-utils": "^5.0.2",
        "zip-stream": "^6.0.1",
        "async": "^3.2.4",
        "readdir-glob": "^1.1.2",
        "tar-stream": "^3.0.0",
        "readable-stream": "^4.0.0",
        "buffer-crc32": "^1.0.0"
      }
    },
    "mitata@^1.0.10": {
      "name": "mitata",
      "version": "^1.0.10",
      "source": "npm"
    },
    "tsup@^8.0.0": {
      "name": "tsup",
      "version": "^8.0.0",
      "source": "npm",
      "dependencies": {
        "chokidar": "^4.0.3",
        "picocolors": "^1.1.1",
        "cac": "^6.7.14",
        "tinyexec": "^0.3.2",
        "consola": "^3.4.0",
        "rollup": "^4.34.8",
        "esbuild": "^0.27.0",
        "bundle-require": "^5.1.0",
        "fix-dts-default-cjs-exports": "^1.0.0",
        "joycon": "^3.1.1",
        "resolve-from": "^5.0.0",
        "sucrase": "^3.35.0",
        "postcss-load-config": "^6.0.1",
        "tinyglobby": "^0.2.11",
        "debug": "^4.4.0",
        "tree-kill": "^1.2.2",
        "source-map": "^0.7.6"
      },
      "peerDependencies": {
        "@swc/core": "^1",
        "typescript": ">=4.5.0",
        "postcss": "^8.4.12",
        "@microsoft/api-extractor": "^7.36.0"
      },
      "bin": {
        "tsup": "dist/cli-default.js",
        "tsup-node": "dist/cli-node.js"
      },
      "optionalPeers": ["@swc/core", "typescript", "postcss", "@microsoft/api-extractor"]
    },
    "vitest@^1.0.0": {
      "name": "vitest",
      "version": "^1.0.0",
      "source": "npm",
      "dependencies": {
        "tinybench": "^2.5.1",
        "@vitest/spy": "1.6.1",
        "local-pkg": "^0.5.0",
        "picocolors": "^1.0.0",
        "strip-literal": "^2.0.0",
        "vite": "^5.0.0",
        "@vitest/utils": "1.6.1",
        "execa": "^8.0.1",
        "@vitest/expect": "1.6.1",
        "@vitest/runner": "1.6.1",
        "acorn-walk": "^8.3.2",
        "chai": "^4.3.10",
        "tinypool": "^0.8.3",
        "vite-node": "1.6.1",
        "why-is-node-running": "^2.2.2",
        "pathe": "^1.1.1",
        "magic-string": "^0.30.5",
        "@vitest/snapshot": "1.6.1",
        "debug": "^4.3.4",
        "std-env": "^3.5.0"
      },
      "peerDependencies": {
        "happy-dom": "*",
        "@vitest/browser": "1.6.1",
        "@types/node": "^18.0.0 || >=20.0.0",
        "@vitest/ui": "1.6.1",
        "@edge-runtime/vm": "*",
        "jsdom": "*"
      },
      "bin": {
        "vitest": "./vitest.mjs"
      },
      "optionalPeers": ["happy-dom", "@vitest/browser", "@types/node", "@vitest/ui", "@edge-runtime/vm", "jsdom"]
    },
    "@types/node@22.19.15": {
      "name": "@types/node",
      "version": "22.19.15",
      "source": "npm",
      "resolved": "https://registry.npmjs.org/@types/node/-/node-22.19.15.tgz",
      "integrity": "sha512-F0R/h2+dsy5wJAUe3tAU6oqa2qbWY5TpNfL/RGmo1y38hiyO1w3x2jPtt76wmuaJI4DQnOBu21cNXQ2STIUUWg==",
      "dependencies": {
        "undici-types": "~6.21.0"
      }
    },
    "vue@^3.3.0": {
      "name": "vue",
      "version": "^3.3.0",
      "source": "npm",
      "dependencies": {
        "@vue/compiler-dom": "3.6.0-alpha.1",
        "@vue/server-renderer": "3.6.0-alpha.1",
        "@vue/runtime-dom": "3.6.0-alpha.1",
        "@vue/runtime-vapor": "3.6.0-alpha.1",
        "@vue/shared": "3.6.0-alpha.1",
        "@vue/compiler-sfc": "3.6.0-alpha.1"
      },
      "peerDependencies": {
        "typescript": "*"
      },
      "optionalPeers": ["typescript"]
    },
    "@types/bun@1.3.10": {
      "name": "@types/bun",
      "version": "1.3.10",
      "source": "npm",
      "resolved": "https://registry.npmjs.org/@types/bun/-/bun-1.3.10.tgz",
      "integrity": "sha512-0+rlrUrOrTSskibryHbvQkDOWRJwJZqZlxrUs1u4oOoTln8+WIXBPmAuCF35SWB2z4Zl3E84Nl/D0P7803nigQ==",
      "dependencies": {
        "bun-types": "1.3.9"
      }
    },
    "@types/archiver@6.0.4": {
      "name": "@types/archiver",
      "version": "6.0.4",
      "source": "npm",
      "resolved": "https://registry.npmjs.org/@types/archiver/-/archiver-6.0.4.tgz",
      "integrity": "sha512-ULdQpARQ3sz9WH4nb98mJDYA0ft2A8C4f4fovvUcFwINa1cgGjY36JCAYuP5YypRq4mco1lJp1/7jEMS2oR0Hg==",
      "dependencies": {
        "@types/readdir-glob": "*"
      }
    }
  }
}
